
Microsoft Visual Studio Solution File, Format Version 12.00
# Visual Studio Version 16
VisualStudioVersion = 16.0.29009.5
MinimumVisualStudioVersion = 10.0.40219.1
Project("{FAE04EC0-301F-11D3-BF4B-00C04F79EFBC}") = "MarsRover", "MarsRover\MarsRover.csproj", "{6465161C-C0F1-485E-9BA8-EA1C687885FA}"
EndProject
Project("{FAE04EC0-301F-11D3-BF4B-00C04F79EFBC}") = "MarsRover.Tests", "MarsRover.Tests\MarsRover.Tests.csproj", "{7241FE91-71ED-4AB0-9932-7D93535B3799}"
EndProject
Global
	GlobalSection(SolutionConfigurationPlatforms) = preSolution
		Debug|Any CPU = Debug|Any CPU
		Release|Any CPU = Release|Any CPU
	EndGlobalSection
	GlobalSection(ProjectConfigurationPlatforms) = postSolution
		{6465161C-C0F1-485E-9BA8-EA1C687885FA}.Debug|Any CPU.ActiveCfg = Debug|Any CPU
		{6465161C-C0F1-485E-9BA8-EA1C687885FA}.Debug|Any CPU.Build.0 = Debug|Any CPU
		{6465161C-C0F1-485E-9BA8-EA1C687885FA}.Release|Any CPU.ActiveCfg = Release|Any CPU
		{6465161C-C0F1-485E-9BA8-EA1C687885FA}.Release|Any CPU.Build.0 = Release|Any CPU
		{7241FE91-71ED-4AB0-9932-7D93535B3799}.Debug|Any CPU.ActiveCfg = Debug|Any CPU
		{7241FE91-71ED-4AB0-9932-7D93535B3799}.Debug|Any CPU.Build.0 = Debug|Any CPU
		{7241FE91-71ED-4AB0-9932-7D93535B3799}.Release|Any CPU.ActiveCfg = Release|Any CPU
		{7241FE91-71ED-4AB0-9932-7D93535B3799}.Release|Any CPU.Build.0 = Release|Any CPU
	EndGlobalSection
	GlobalSection(SolutionProperties) = preSolution
		HideSolutionNode = FALSE
	EndGlobalSection
	GlobalSection(ExtensibilityGlobals) = postSolution
		SolutionGuid = {216FDC32-DF49-4B0A-834D-2E936CEC7823}
	EndGlobalSection
EndGlobal
